
Microsoft Visual Studio Solution File, Format Version 12.00
# Visual Studio Version 17
VisualStudioVersion = 17.7.34221.43
MinimumVisualStudioVersion = 10.0.40219.1
Project("{FAE04EC0-301F-11D3-BF4B-00C04F79EFBC}") = "FA.JustBlog.Core", "FA.JustBlog.Core\FA.JustBlog.Core.csproj", "{28540D5B-ED56-44FD-97B7-35B49445BEE0}"
EndProject
Global
	GlobalSection(SolutionConfigurationPlatforms) = preSolution
		Debug|Any CPU = Debug|Any CPU
		Release|Any CPU = Release|Any CPU
	EndGlobalSection
	GlobalSection(ProjectConfigurationPlatforms) = postSolution
		{28540D5B-ED56-44FD-97B7-35B49445BEE0}.Debug|Any CPU.ActiveCfg = Debug|Any CPU
		{28540D5B-ED56-44FD-97B7-35B49445BEE0}.Debug|Any CPU.Build.0 = Debug|Any CPU
		{28540D5B-ED56-44FD-97B7-35B49445BEE0}.Release|Any CPU.ActiveCfg = Release|Any CPU
		{28540D5B-ED56-44FD-97B7-35B49445BEE0}.Release|Any CPU.Build.0 = Release|Any CPU
	EndGlobalSection
	GlobalSection(SolutionProperties) = preSolution
		HideSolutionNode = FALSE
	EndGlobalSection
	GlobalSection(ExtensibilityGlobals) = postSolution
		SolutionGuid = {F1894612-0183-473A-BD6F-728745F6F80C}
	EndGlobalSection
EndGlobal
